
Microsoft Visual Studio Solution File, Format Version 12.00
# Visual Studio Version 17
VisualStudioVersion = 17.8.34601.278
MinimumVisualStudioVersion = 10.0.40219.1
Project("{FAE04EC0-301F-11D3-BF4B-00C04F79EFBC}") = "twindroid_api", "twindroid_api\twindroid_api.csproj", "{A3C101D9-2893-4EB1-95CE-07E42303FD2A}"
EndProject
Global
	GlobalSection(SolutionConfigurationPlatforms) = preSolution
		Debug|Any CPU = Debug|Any CPU
		Release|Any CPU = Release|Any CPU
	EndGlobalSection
	GlobalSection(ProjectConfigurationPlatforms) = postSolution
		{A3C101D9-2893-4EB1-95CE-07E42303FD2A}.Debug|Any CPU.ActiveCfg = Debug|Any CPU
		{A3C101D9-2893-4EB1-95CE-07E42303FD2A}.Debug|Any CPU.Build.0 = Debug|Any CPU
		{A3C101D9-2893-4EB1-95CE-07E42303FD2A}.Release|Any CPU.ActiveCfg = Release|Any CPU
		{A3C101D9-2893-4EB1-95CE-07E42303FD2A}.Release|Any CPU.Build.0 = Release|Any CPU
	EndGlobalSection
	GlobalSection(SolutionProperties) = preSolution
		HideSolutionNode = FALSE
	EndGlobalSection
	GlobalSection(ExtensibilityGlobals) = postSolution
		SolutionGuid = {4323BD98-529E-4024-85DB-20FEF3D32144}
	EndGlobalSection
EndGlobal
